// !$*UTF8*$!
{
	archiveVersion = 1;
	classes = {
	};
	objectVersion = 46;
	objects = {

/* Begin PBXBuildFile section */
		9B1B8E0C16E60D0600014A91 /* Sok.m in Sources */ = {isa = PBXBuildFile; fileRef = 9B1B8E0B16E60D0600014A91 /* Sok.m */; };
		9B232AA916D4FD75008FCC43 /* Fartsgrense.m in Sources */ = {isa = PBXBuildFile; fileRef = 9B232AA816D4FD75008FCC43 /* Fartsgrense.m */; };
		9B232AAF16D50935008FCC43 /* NVDB_RESTkit.m in Sources */ = {isa = PBXBuildFile; fileRef = 9B232AAE16D50935008FCC43 /* NVDB_RESTkit.m */; };
		9B232AB716D50A8C008FCC43 /* Vegreferanse.m in Sources */ = {isa = PBXBuildFile; fileRef = 9B232AB616D50A8C008FCC43 /* Vegreferanse.m */; };
		9B232ABA16D51261008FCC43 /* NVDB_DataProvider.m in Sources */ = {isa = PBXBuildFile; fileRef = 9B232AB916D51261008FCC43 /* NVDB_DataProvider.m */; };
		9B3C64D716EA336C009C0E69 /* Forkjorsveg.m in Sources */ = {isa = PBXBuildFile; fileRef = 9B3C64D616EA336C009C0E69 /* Forkjorsveg.m */; };
		9B3C64DF16EAA38A009C0E69 /* forkjorsvei.gif in Resources */ = {isa = PBXBuildFile; fileRef = 9B3C64DB16EAA38A009C0E69 /* forkjorsvei.gif */; };
		9B3C64E016EAA38A009C0E69 /* forkjorsvei@2x.gif in Resources */ = {isa = PBXBuildFile; fileRef = 9B3C64DC16EAA38A009C0E69 /* forkjorsvei@2x.gif */; };
		9B3C64E116EAA38A009C0E69 /* opphevet_forkjorsvei.gif in Resources */ = {isa = PBXBuildFile; fileRef = 9B3C64DD16EAA38A009C0E69 /* opphevet_forkjorsvei.gif */; };
		9B3C64E216EAA38A009C0E69 /* opphevet_forkjorsvei@2x.gif in Resources */ = {isa = PBXBuildFile; fileRef = 9B3C64DE16EAA38A009C0E69 /* opphevet_forkjorsvei@2x.gif */; };
		9B52D9FC16E609700019FB65 /* VegObjektKontroller.m in Sources */ = {isa = PBXBuildFile; fileRef = 9B52D9FB16E609700019FB65 /* VegObjektKontroller.m */; };
		9B5B6B9416E628EC00BF1C7C /* Veglenke.m in Sources */ = {isa = PBXBuildFile; fileRef = 9B5B6B9316E628EC00BF1C7C /* Veglenke.m */; };
		9B60EAAD16E76EAA00B7E815 /* SokResultater.m in Sources */ = {isa = PBXBuildFile; fileRef = 9B60EAAC16E76EAA00B7E815 /* SokResultater.m */; };
		9B7EB80216CD212600484A74 /* UIKit.framework in Frameworks */ = {isa = PBXBuildFile; fileRef = 9B7EB80116CD212600484A74 /* UIKit.framework */; };
		9B7EB80416CD212600484A74 /* Foundation.framework in Frameworks */ = {isa = PBXBuildFile; fileRef = 9B7EB80316CD212600484A74 /* Foundation.framework */; };
		9B7EB80616CD212600484A74 /* CoreGraphics.framework in Frameworks */ = {isa = PBXBuildFile; fileRef = 9B7EB80516CD212600484A74 /* CoreGraphics.framework */; };
		9B7EB80C16CD212600484A74 /* InfoPlist.strings in Resources */ = {isa = PBXBuildFile; fileRef = 9B7EB80A16CD212600484A74 /* InfoPlist.strings */; };
		9B7EB80E16CD212600484A74 /* main.m in Sources */ = {isa = PBXBuildFile; fileRef = 9B7EB80D16CD212600484A74 /* main.m */; };
		9B7EB81216CD212600484A74 /* AppDelegate.m in Sources */ = {isa = PBXBuildFile; fileRef = 9B7EB81116CD212600484A74 /* AppDelegate.m */; };
		9B7EB81416CD212600484A74 /* Default.png in Resources */ = {isa = PBXBuildFile; fileRef = 9B7EB81316CD212600484A74 /* Default.png */; };
		9B7EB81616CD212600484A74 /* Default@2x.png in Resources */ = {isa = PBXBuildFile; fileRef = 9B7EB81516CD212600484A74 /* Default@2x.png */; };
		9B7EB81816CD212600484A74 /* Default-568h@2x.png in Resources */ = {isa = PBXBuildFile; fileRef = 9B7EB81716CD212600484A74 /* Default-568h@2x.png */; };
		9B7EB81B16CD212600484A74 /* MainStoryboard.storyboard in Resources */ = {isa = PBXBuildFile; fileRef = 9B7EB81916CD212600484A74 /* MainStoryboard.storyboard */; };
		9B7EB81E16CD212600484A74 /* HovedskjermViewController.m in Sources */ = {isa = PBXBuildFile; fileRef = 9B7EB81D16CD212600484A74 /* HovedskjermViewController.m */; };
		9B7EB83816CD329B00484A74 /* CFNetwork.framework in Frameworks */ = {isa = PBXBuildFile; fileRef = 9B7EB83616CD329B00484A74 /* CFNetwork.framework */; };
		9B7EB83916CD329B00484A74 /* CoreData.framework in Frameworks */ = {isa = PBXBuildFile; fileRef = 9B7EB83716CD329B00484A74 /* CoreData.framework */; };
		9B7EB83F16CD32C400484A74 /* libxml2.dylib in Frameworks */ = {isa = PBXBuildFile; fileRef = 9B7EB83A16CD32C400484A74 /* libxml2.dylib */; };
		9B7EB84016CD32C400484A74 /* MobileCoreServices.framework in Frameworks */ = {isa = PBXBuildFile; fileRef = 9B7EB83B16CD32C400484A74 /* MobileCoreServices.framework */; };
		9B7EB84116CD32C400484A74 /* QuartzCore.framework in Frameworks */ = {isa = PBXBuildFile; fileRef = 9B7EB83C16CD32C400484A74 /* QuartzCore.framework */; };
		9B7EB84216CD32C400484A74 /* Security.framework in Frameworks */ = {isa = PBXBuildFile; fileRef = 9B7EB83D16CD32C400484A74 /* Security.framework */; };
		9B7EB84316CD32C400484A74 /* SystemConfiguration.framework in Frameworks */ = {isa = PBXBuildFile; fileRef = 9B7EB83E16CD32C400484A74 /* SystemConfiguration.framework */; };
		9B820D7F16CE6CEF00AD3307 /* CoreLocation.framework in Frameworks */ = {isa = PBXBuildFile; fileRef = 9B820D7E16CE6CEF00AD3307 /* CoreLocation.framework */; };
		9B820D8516CE6E1D00AD3307 /* Posisjon.m in Sources */ = {isa = PBXBuildFile; fileRef = 9B820D8416CE6E1D00AD3307 /* Posisjon.m */; };
		9B83CBA516D8EB3E0022AB3D /* fartsgrense_feil.gif in Resources */ = {isa = PBXBuildFile; fileRef = 9B83CBA116D8EB3E0022AB3D /* fartsgrense_feil.gif */; };
		9B83CBA616D8EB3E0022AB3D /* fartsgrense_feil@2x.gif in Resources */ = {isa = PBXBuildFile; fileRef = 9B83CBA216D8EB3E0022AB3D /* fartsgrense_feil@2x.gif */; };
		9B83CBA716D8EB3E0022AB3D /* fartsgrense.gif in Resources */ = {isa = PBXBuildFile; fileRef = 9B83CBA316D8EB3E0022AB3D /* fartsgrense.gif */; };
		9B83CBA816D8EB3E0022AB3D /* fartsgrense@2x.gif in Resources */ = {isa = PBXBuildFile; fileRef = 9B83CBA416D8EB3E0022AB3D /* fartsgrense@2x.gif */; };
		9B90E6FA16F75E5C0067850E /* Vegobjekt.m in Sources */ = {isa = PBXBuildFile; fileRef = 9B90E6F916F75E5B0067850E /* Vegobjekt.m */; };
		9B90E70016F7615C0067850E /* Vilttrekk.m in Sources */ = {isa = PBXBuildFile; fileRef = 9B90E6FF16F7615C0067850E /* Vilttrekk.m */; };
		9B9C938A16F1F619007EEFBF /* HovedskjermViewControllerPortrett.m in Sources */ = {isa = PBXBuildFile; fileRef = 9B9C938916F1F619007EEFBF /* HovedskjermViewControllerPortrett.m */; };
		9B9C939016F1F630007EEFBF /* HovedskjermViewControllerLandskap.m in Sources */ = {isa = PBXBuildFile; fileRef = 9B9C938F16F1F630007EEFBF /* HovedskjermViewControllerLandskap.m */; };
		9BDAC38A16D7A10500CF1ACD /* Egenskap.m in Sources */ = {isa = PBXBuildFile; fileRef = 9BDAC38916D7A10500CF1ACD /* Egenskap.m */; };
		9BE4624516CD38EE003E1FAE /* libRestKit.a in Frameworks */ = {isa = PBXBuildFile; fileRef = 9BE4623C16CD36F0003E1FAE /* libRestKit.a */; };
/* End PBXBuildFile section */

/* Begin PBXContainerItemProxy section */
		9BE4623B16CD36F0003E1FAE /* PBXContainerItemProxy */ = {
			isa = PBXContainerItemProxy;
			containerPortal = 9BE4623416CD36F0003E1FAE /* RestKit.xcodeproj */;
			proxyType = 2;
			remoteGlobalIDString = 25160D1614564E810060A5C5;
			remoteInfo = RestKit;
		};
		9BE4623D16CD36F0003E1FAE /* PBXContainerItemProxy */ = {
			isa = PBXContainerItemProxy;
			containerPortal = 9BE4623416CD36F0003E1FAE /* RestKit.xcodeproj */;
			proxyType = 2;
			remoteGlobalIDString = 25160D2614564E820060A5C5;
			remoteInfo = RestKitTests;
		};
		9BE4623F16CD36F0003E1FAE /* PBXContainerItemProxy */ = {
			isa = PBXContainerItemProxy;
			containerPortal = 9BE4623416CD36F0003E1FAE /* RestKit.xcodeproj */;
			proxyType = 2;
			remoteGlobalIDString = 25160E62145651060060A5C5;
			remoteInfo = RestKitFramework;
		};
		9BE4624116CD36F0003E1FAE /* PBXContainerItemProxy */ = {
			isa = PBXContainerItemProxy;
			containerPortal = 9BE4623416CD36F0003E1FAE /* RestKit.xcodeproj */;
			proxyType = 2;
			remoteGlobalIDString = 25160E78145651060060A5C5;
			remoteInfo = RestKitFrameworkTests;
		};
		9BE4624316CD38E7003E1FAE /* PBXContainerItemProxy */ = {
			isa = PBXContainerItemProxy;
			containerPortal = 9BE4623416CD36F0003E1FAE /* RestKit.xcodeproj */;
			proxyType = 1;
			remoteGlobalIDString = 25160D1514564E810060A5C5;
			remoteInfo = RestKit;
		};
/* End PBXContainerItemProxy section */

/* Begin PBXFileReference section */
		9B1B8E0A16E60D0600014A91 /* Sok.h */ = {isa = PBXFileReference; fileEncoding = 4; lastKnownFileType = sourcecode.c.h; path = Sok.h; sourceTree = "<group>"; };
		9B1B8E0B16E60D0600014A91 /* Sok.m */ = {isa = PBXFileReference; fileEncoding = 4; lastKnownFileType = sourcecode.c.objc; path = Sok.m; sourceTree = "<group>"; };
		9B232AA716D4FD75008FCC43 /* Fartsgrense.h */ = {isa = PBXFileReference; fileEncoding = 4; lastKnownFileType = sourcecode.c.h; path = Fartsgrense.h; sourceTree = "<group>"; };
		9B232AA816D4FD75008FCC43 /* Fartsgrense.m */ = {isa = PBXFileReference; fileEncoding = 4; lastKnownFileType = sourcecode.c.objc; path = Fartsgrense.m; sourceTree = "<group>"; };
		9B232AAD16D50935008FCC43 /* NVDB_RESTkit.h */ = {isa = PBXFileReference; fileEncoding = 4; lastKnownFileType = sourcecode.c.h; path = NVDB_RESTkit.h; sourceTree = "<group>"; };
		9B232AAE16D50935008FCC43 /* NVDB_RESTkit.m */ = {isa = PBXFileReference; fileEncoding = 4; lastKnownFileType = sourcecode.c.objc; path = NVDB_RESTkit.m; sourceTree = "<group>"; };
		9B232AB516D50A8C008FCC43 /* Vegreferanse.h */ = {isa = PBXFileReference; fileEncoding = 4; lastKnownFileType = sourcecode.c.h; path = Vegreferanse.h; sourceTree = "<group>"; };
		9B232AB616D50A8C008FCC43 /* Vegreferanse.m */ = {isa = PBXFileReference; fileEncoding = 4; lastKnownFileType = sourcecode.c.objc; path = Vegreferanse.m; sourceTree = "<group>"; };
		9B232AB816D51261008FCC43 /* NVDB_DataProvider.h */ = {isa = PBXFileReference; fileEncoding = 4; lastKnownFileType = sourcecode.c.h; path = NVDB_DataProvider.h; sourceTree = "<group>"; };
		9B232AB916D51261008FCC43 /* NVDB_DataProvider.m */ = {isa = PBXFileReference; fileEncoding = 4; lastKnownFileType = sourcecode.c.objc; path = NVDB_DataProvider.m; sourceTree = "<group>"; };
		9B3C64D516EA336C009C0E69 /* Forkjorsveg.h */ = {isa = PBXFileReference; fileEncoding = 4; lastKnownFileType = sourcecode.c.h; path = Forkjorsveg.h; sourceTree = "<group>"; };
		9B3C64D616EA336C009C0E69 /* Forkjorsveg.m */ = {isa = PBXFileReference; fileEncoding = 4; lastKnownFileType = sourcecode.c.objc; path = Forkjorsveg.m; sourceTree = "<group>"; };
		9B3C64DB16EAA38A009C0E69 /* forkjorsvei.gif */ = {isa = PBXFileReference; lastKnownFileType = image.gif; path = forkjorsvei.gif; sourceTree = "<group>"; };
		9B3C64DC16EAA38A009C0E69 /* forkjorsvei@2x.gif */ = {isa = PBXFileReference; lastKnownFileType = image.gif; path = "forkjorsvei@2x.gif"; sourceTree = "<group>"; };
		9B3C64DD16EAA38A009C0E69 /* opphevet_forkjorsvei.gif */ = {isa = PBXFileReference; lastKnownFileType = image.gif; path = opphevet_forkjorsvei.gif; sourceTree = "<group>"; };
		9B3C64DE16EAA38A009C0E69 /* opphevet_forkjorsvei@2x.gif */ = {isa = PBXFileReference; lastKnownFileType = image.gif; path = "opphevet_forkjorsvei@2x.gif"; sourceTree = "<group>"; };
		9B52D9FA16E609700019FB65 /* VegObjektKontroller.h */ = {isa = PBXFileReference; fileEncoding = 4; lastKnownFileType = sourcecode.c.h; path = VegObjektKontroller.h; sourceTree = "<group>"; };
		9B52D9FB16E609700019FB65 /* VegObjektKontroller.m */ = {isa = PBXFileReference; fileEncoding = 4; lastKnownFileType = sourcecode.c.objc; path = VegObjektKontroller.m; sourceTree = "<group>"; };
		9B5B6B9216E628EB00BF1C7C /* Veglenke.h */ = {isa = PBXFileReference; fileEncoding = 4; lastKnownFileType = sourcecode.c.h; path = Veglenke.h; sourceTree = "<group>"; };
		9B5B6B9316E628EC00BF1C7C /* Veglenke.m */ = {isa = PBXFileReference; fileEncoding = 4; lastKnownFileType = sourcecode.c.objc; path = Veglenke.m; sourceTree = "<group>"; };
		9B60EAAB16E76EAA00B7E815 /* SokResultater.h */ = {isa = PBXFileReference; fileEncoding = 4; lastKnownFileType = sourcecode.c.h; path = SokResultater.h; sourceTree = "<group>"; };
		9B60EAAC16E76EAA00B7E815 /* SokResultater.m */ = {isa = PBXFileReference; fileEncoding = 4; lastKnownFileType = sourcecode.c.objc; path = SokResultater.m; sourceTree = "<group>"; };
		9B7EB7FE16CD212600484A74 /* Vegdata.app */ = {isa = PBXFileReference; explicitFileType = wrapper.application; includeInIndex = 0; path = Vegdata.app; sourceTree = BUILT_PRODUCTS_DIR; };
		9B7EB80116CD212600484A74 /* UIKit.framework */ = {isa = PBXFileReference; lastKnownFileType = wrapper.framework; name = UIKit.framework; path = System/Library/Frameworks/UIKit.framework; sourceTree = SDKROOT; };
		9B7EB80316CD212600484A74 /* Foundation.framework */ = {isa = PBXFileReference; lastKnownFileType = wrapper.framework; name = Foundation.framework; path = System/Library/Frameworks/Foundation.framework; sourceTree = SDKROOT; };
		9B7EB80516CD212600484A74 /* CoreGraphics.framework */ = {isa = PBXFileReference; lastKnownFileType = wrapper.framework; name = CoreGraphics.framework; path = System/Library/Frameworks/CoreGraphics.framework; sourceTree = SDKROOT; };
		9B7EB80916CD212600484A74 /* Vegdata-Info.plist */ = {isa = PBXFileReference; lastKnownFileType = text.plist.xml; path = "Vegdata-Info.plist"; sourceTree = "<group>"; };
		9B7EB80B16CD212600484A74 /* en */ = {isa = PBXFileReference; lastKnownFileType = text.plist.strings; name = en; path = en.lproj/InfoPlist.strings; sourceTree = "<group>"; };
		9B7EB80D16CD212600484A74 /* main.m */ = {isa = PBXFileReference; lastKnownFileType = sourcecode.c.objc; path = main.m; sourceTree = "<group>"; };
		9B7EB80F16CD212600484A74 /* Vegdata-Prefix.pch */ = {isa = PBXFileReference; lastKnownFileType = sourcecode.c.h; path = "Vegdata-Prefix.pch"; sourceTree = "<group>"; };
		9B7EB81016CD212600484A74 /* AppDelegate.h */ = {isa = PBXFileReference; lastKnownFileType = sourcecode.c.h; path = AppDelegate.h; sourceTree = "<group>"; };
		9B7EB81116CD212600484A74 /* AppDelegate.m */ = {isa = PBXFileReference; lastKnownFileType = sourcecode.c.objc; path = AppDelegate.m; sourceTree = "<group>"; };
		9B7EB81316CD212600484A74 /* Default.png */ = {isa = PBXFileReference; lastKnownFileType = image.png; path = Default.png; sourceTree = "<group>"; };
		9B7EB81516CD212600484A74 /* Default@2x.png */ = {isa = PBXFileReference; lastKnownFileType = image.png; path = "Default@2x.png"; sourceTree = "<group>"; };
		9B7EB81716CD212600484A74 /* Default-568h@2x.png */ = {isa = PBXFileReference; lastKnownFileType = image.png; path = "Default-568h@2x.png"; sourceTree = "<group>"; };
		9B7EB81A16CD212600484A74 /* en */ = {isa = PBXFileReference; lastKnownFileType = file.storyboard; name = en; path = en.lproj/MainStoryboard.storyboard; sourceTree = "<group>"; };
		9B7EB81C16CD212600484A74 /* HovedskjermViewController.h */ = {isa = PBXFileReference; lastKnownFileType = sourcecode.c.h; path = HovedskjermViewController.h; sourceTree = "<group>"; };
		9B7EB81D16CD212600484A74 /* HovedskjermViewController.m */ = {isa = PBXFileReference; lastKnownFileType = sourcecode.c.objc; path = HovedskjermViewController.m; sourceTree = "<group>"; };
		9B7EB83616CD329B00484A74 /* CFNetwork.framework */ = {isa = PBXFileReference; lastKnownFileType = wrapper.framework; name = CFNetwork.framework; path = System/Library/Frameworks/CFNetwork.framework; sourceTree = SDKROOT; };
		9B7EB83716CD329B00484A74 /* CoreData.framework */ = {isa = PBXFileReference; lastKnownFileType = wrapper.framework; name = CoreData.framework; path = System/Library/Frameworks/CoreData.framework; sourceTree = SDKROOT; };
		9B7EB83A16CD32C400484A74 /* libxml2.dylib */ = {isa = PBXFileReference; lastKnownFileType = "compiled.mach-o.dylib"; name = libxml2.dylib; path = usr/lib/libxml2.dylib; sourceTree = SDKROOT; };
		9B7EB83B16CD32C400484A74 /* MobileCoreServices.framework */ = {isa = PBXFileReference; lastKnownFileType = wrapper.framework; name = MobileCoreServices.framework; path = System/Library/Frameworks/MobileCoreServices.framework; sourceTree = SDKROOT; };
		9B7EB83C16CD32C400484A74 /* QuartzCore.framework */ = {isa = PBXFileReference; lastKnownFileType = wrapper.framework; name = QuartzCore.framework; path = System/Library/Frameworks/QuartzCore.framework; sourceTree = SDKROOT; };
		9B7EB83D16CD32C400484A74 /* Security.framework */ = {isa = PBXFileReference; lastKnownFileType = wrapper.framework; name = Security.framework; path = System/Library/Frameworks/Security.framework; sourceTree = SDKROOT; };
		9B7EB83E16CD32C400484A74 /* SystemConfiguration.framework */ = {isa = PBXFileReference; lastKnownFileType = wrapper.framework; name = SystemConfiguration.framework; path = System/Library/Frameworks/SystemConfiguration.framework; sourceTree = SDKROOT; };
		9B820D7E16CE6CEF00AD3307 /* CoreLocation.framework */ = {isa = PBXFileReference; lastKnownFileType = wrapper.framework; name = CoreLocation.framework; path = System/Library/Frameworks/CoreLocation.framework; sourceTree = SDKROOT; };
		9B820D8316CE6E1D00AD3307 /* Posisjon.h */ = {isa = PBXFileReference; fileEncoding = 4; lastKnownFileType = sourcecode.c.h; path = Posisjon.h; sourceTree = "<group>"; };
		9B820D8416CE6E1D00AD3307 /* Posisjon.m */ = {isa = PBXFileReference; fileEncoding = 4; lastKnownFileType = sourcecode.c.objc; path = Posisjon.m; sourceTree = "<group>"; };
		9B83CBA116D8EB3E0022AB3D /* fartsgrense_feil.gif */ = {isa = PBXFileReference; lastKnownFileType = image.gif; path = fartsgrense_feil.gif; sourceTree = "<group>"; };
		9B83CBA216D8EB3E0022AB3D /* fartsgrense_feil@2x.gif */ = {isa = PBXFileReference; lastKnownFileType = image.gif; path = "fartsgrense_feil@2x.gif"; sourceTree = "<group>"; };
		9B83CBA316D8EB3E0022AB3D /* fartsgrense.gif */ = {isa = PBXFileReference; lastKnownFileType = image.gif; path = fartsgrense.gif; sourceTree = "<group>"; };
		9B83CBA416D8EB3E0022AB3D /* fartsgrense@2x.gif */ = {isa = PBXFileReference; lastKnownFileType = image.gif; path = "fartsgrense@2x.gif"; sourceTree = "<group>"; };
		9B90E6F816F75E5B0067850E /* Vegobjekt.h */ = {isa = PBXFileReference; fileEncoding = 4; lastKnownFileType = sourcecode.c.h; path = Vegobjekt.h; sourceTree = "<group>"; };
		9B90E6F916F75E5B0067850E /* Vegobjekt.m */ = {isa = PBXFileReference; fileEncoding = 4; lastKnownFileType = sourcecode.c.objc; path = Vegobjekt.m; sourceTree = "<group>"; };
		9B90E6FE16F7615C0067850E /* Vilttrekk.h */ = {isa = PBXFileReference; fileEncoding = 4; lastKnownFileType = sourcecode.c.h; path = Vilttrekk.h; sourceTree = "<group>"; };
		9B90E6FF16F7615C0067850E /* Vilttrekk.m */ = {isa = PBXFileReference; fileEncoding = 4; lastKnownFileType = sourcecode.c.objc; path = Vilttrekk.m; sourceTree = "<group>"; };
		9B9C938816F1F619007EEFBF /* HovedskjermViewControllerPortrett.h */ = {isa = PBXFileReference; fileEncoding = 4; lastKnownFileType = sourcecode.c.h; path = HovedskjermViewControllerPortrett.h; sourceTree = "<group>"; };
		9B9C938916F1F619007EEFBF /* HovedskjermViewControllerPortrett.m */ = {isa = PBXFileReference; fileEncoding = 4; lastKnownFileType = sourcecode.c.objc; path = HovedskjermViewControllerPortrett.m; sourceTree = "<group>"; };
		9B9C938E16F1F630007EEFBF /* HovedskjermViewControllerLandskap.h */ = {isa = PBXFileReference; fileEncoding = 4; lastKnownFileType = sourcecode.c.h; path = HovedskjermViewControllerLandskap.h; sourceTree = "<group>"; };
		9B9C938F16F1F630007EEFBF /* HovedskjermViewControllerLandskap.m */ = {isa = PBXFileReference; fileEncoding = 4; lastKnownFileType = sourcecode.c.objc; path = HovedskjermViewControllerLandskap.m; sourceTree = "<group>"; };
		9BDAC38816D7A10500CF1ACD /* Egenskap.h */ = {isa = PBXFileReference; fileEncoding = 4; lastKnownFileType = sourcecode.c.h; path = Egenskap.h; sourceTree = "<group>"; };
		9BDAC38916D7A10500CF1ACD /* Egenskap.m */ = {isa = PBXFileReference; fileEncoding = 4; lastKnownFileType = sourcecode.c.objc; path = Egenskap.m; sourceTree = "<group>"; };
		9BE4623416CD36F0003E1FAE /* RestKit.xcodeproj */ = {isa = PBXFileReference; lastKnownFileType = "wrapper.pb-project"; name = RestKit.xcodeproj; path = RestKit/RestKit.xcodeproj; sourceTree = "<group>"; };
/* End PBXFileReference section */

/* Begin PBXFrameworksBuildPhase section */
		9B7EB7FB16CD212600484A74 /* Frameworks */ = {
			isa = PBXFrameworksBuildPhase;
			buildActionMask = 2147483647;
			files = (
				9B820D7F16CE6CEF00AD3307 /* CoreLocation.framework in Frameworks */,
				9BE4624516CD38EE003E1FAE /* libRestKit.a in Frameworks */,
				9B7EB83F16CD32C400484A74 /* libxml2.dylib in Frameworks */,
				9B7EB84016CD32C400484A74 /* MobileCoreServices.framework in Frameworks */,
				9B7EB84116CD32C400484A74 /* QuartzCore.framework in Frameworks */,
				9B7EB84216CD32C400484A74 /* Security.framework in Frameworks */,
				9B7EB84316CD32C400484A74 /* SystemConfiguration.framework in Frameworks */,
				9B7EB83816CD329B00484A74 /* CFNetwork.framework in Frameworks */,
				9B7EB83916CD329B00484A74 /* CoreData.framework in Frameworks */,
				9B7EB80216CD212600484A74 /* UIKit.framework in Frameworks */,
				9B7EB80416CD212600484A74 /* Foundation.framework in Frameworks */,
				9B7EB80616CD212600484A74 /* CoreGraphics.framework in Frameworks */,
			);
			runOnlyForDeploymentPostprocessing = 0;
		};
/* End PBXFrameworksBuildPhase section */

/* Begin PBXGroup section */
		9B232AB016D50965008FCC43 /* Model */ = {
			isa = PBXGroup;
			children = (
				9B232AB416D50A51008FCC43 /* ProgramObjekter */,
				9B232AB316D509B3008FCC43 /* NVDBObjekter */,
			);
			name = Model;
			sourceTree = "<group>";
		};
		9B232AB116D50977008FCC43 /* Controller */ = {
			isa = PBXGroup;
			children = (
				9B7EB81C16CD212600484A74 /* HovedskjermViewController.h */,
				9B7EB81D16CD212600484A74 /* HovedskjermViewController.m */,
				9B9C938816F1F619007EEFBF /* HovedskjermViewControllerPortrett.h */,
				9B9C938916F1F619007EEFBF /* HovedskjermViewControllerPortrett.m */,
				9B9C938E16F1F630007EEFBF /* HovedskjermViewControllerLandskap.h */,
				9B9C938F16F1F630007EEFBF /* HovedskjermViewControllerLandskap.m */,
			);
			name = Controller;
			sourceTree = "<group>";
		};
		9B232AB216D50981008FCC43 /* View */ = {
			isa = PBXGroup;
			children = (
				9B7EB81916CD212600484A74 /* MainStoryboard.storyboard */,
			);
			name = View;
			sourceTree = "<group>";
		};
		9B232AB316D509B3008FCC43 /* NVDBObjekter */ = {
			isa = PBXGroup;
			children = (
				9B232AA716D4FD75008FCC43 /* Fartsgrense.h */,
				9B232AA816D4FD75008FCC43 /* Fartsgrense.m */,
				9B3C64D516EA336C009C0E69 /* Forkjorsveg.h */,
				9B3C64D616EA336C009C0E69 /* Forkjorsveg.m */,
				9B232AB516D50A8C008FCC43 /* Vegreferanse.h */,
				9B232AB616D50A8C008FCC43 /* Vegreferanse.m */,
				9BDAC38816D7A10500CF1ACD /* Egenskap.h */,
				9BDAC38916D7A10500CF1ACD /* Egenskap.m */,
				9B1B8E0A16E60D0600014A91 /* Sok.h */,
				9B1B8E0B16E60D0600014A91 /* Sok.m */,
				9B5B6B9216E628EB00BF1C7C /* Veglenke.h */,
				9B5B6B9316E628EC00BF1C7C /* Veglenke.m */,
				9B60EAAB16E76EAA00B7E815 /* SokResultater.h */,
				9B60EAAC16E76EAA00B7E815 /* SokResultater.m */,
				9B90E6F816F75E5B0067850E /* Vegobjekt.h */,
				9B90E6F916F75E5B0067850E /* Vegobjekt.m */,
				9B90E6FE16F7615C0067850E /* Vilttrekk.h */,
				9B90E6FF16F7615C0067850E /* Vilttrekk.m */,
			);
			name = NVDBObjekter;
			sourceTree = "<group>";
		};
		9B232AB416D50A51008FCC43 /* ProgramObjekter */ = {
			isa = PBXGroup;
			children = (
				9B7EB81016CD212600484A74 /* AppDelegate.h */,
				9B7EB81116CD212600484A74 /* AppDelegate.m */,
				9B232AAD16D50935008FCC43 /* NVDB_RESTkit.h */,
				9B232AAE16D50935008FCC43 /* NVDB_RESTkit.m */,
				9B820D8316CE6E1D00AD3307 /* Posisjon.h */,
				9B820D8416CE6E1D00AD3307 /* Posisjon.m */,
				9B232AB816D51261008FCC43 /* NVDB_DataProvider.h */,
				9B232AB916D51261008FCC43 /* NVDB_DataProvider.m */,
				9B52D9FA16E609700019FB65 /* VegObjektKontroller.h */,
				9B52D9FB16E609700019FB65 /* VegObjektKontroller.m */,
			);
			name = ProgramObjekter;
			sourceTree = "<group>";
		};
		9B7EB7F516CD212600484A74 = {
			isa = PBXGroup;
			children = (
				9B7EB80716CD212600484A74 /* Vegdata */,
				9B7EB80016CD212600484A74 /* Frameworks */,
				9B7EB7FF16CD212600484A74 /* Products */,
			);
			sourceTree = "<group>";
		};
		9B7EB7FF16CD212600484A74 /* Products */ = {
			isa = PBXGroup;
			children = (
				9B7EB7FE16CD212600484A74 /* Vegdata.app */,
			);
			name = Products;
			sourceTree = "<group>";
		};
		9B7EB80016CD212600484A74 /* Frameworks */ = {
			isa = PBXGroup;
			children = (
				9BE4623416CD36F0003E1FAE /* RestKit.xcodeproj */,
				9B7EB83A16CD32C400484A74 /* libxml2.dylib */,
				9B820D7E16CE6CEF00AD3307 /* CoreLocation.framework */,
				9B7EB83B16CD32C400484A74 /* MobileCoreServices.framework */,
				9B7EB83C16CD32C400484A74 /* QuartzCore.framework */,
				9B7EB83D16CD32C400484A74 /* Security.framework */,
				9B7EB83E16CD32C400484A74 /* SystemConfiguration.framework */,
				9B7EB83616CD329B00484A74 /* CFNetwork.framework */,
				9B7EB83716CD329B00484A74 /* CoreData.framework */,
				9B7EB80116CD212600484A74 /* UIKit.framework */,
				9B7EB80316CD212600484A74 /* Foundation.framework */,
				9B7EB80516CD212600484A74 /* CoreGraphics.framework */,
			);
			name = Frameworks;
			sourceTree = "<group>";
		};
		9B7EB80716CD212600484A74 /* Vegdata */ = {
			isa = PBXGroup;
			children = (
				9B232AB216D50981008FCC43 /* View */,
				9B232AB116D50977008FCC43 /* Controller */,
				9B232AB016D50965008FCC43 /* Model */,
				9B7EB80816CD212600484A74 /* Supporting Files */,
			);
			path = Vegdata;
			sourceTree = "<group>";
		};
		9B7EB80816CD212600484A74 /* Supporting Files */ = {
			isa = PBXGroup;
			children = (
				9B3C64DB16EAA38A009C0E69 /* forkjorsvei.gif */,
				9B3C64DC16EAA38A009C0E69 /* forkjorsvei@2x.gif */,
				9B3C64DD16EAA38A009C0E69 /* opphevet_forkjorsvei.gif */,
				9B3C64DE16EAA38A009C0E69 /* opphevet_forkjorsvei@2x.gif */,
				9B7EB80916CD212600484A74 /* Vegdata-Info.plist */,
				9B7EB80A16CD212600484A74 /* InfoPlist.strings */,
				9B7EB80D16CD212600484A74 /* main.m */,
				9B7EB80F16CD212600484A74 /* Vegdata-Prefix.pch */,
				9B83CBA116D8EB3E0022AB3D /* fartsgrense_feil.gif */,
				9B83CBA216D8EB3E0022AB3D /* fartsgrense_feil@2x.gif */,
				9B83CBA316D8EB3E0022AB3D /* fartsgrense.gif */,
				9B83CBA416D8EB3E0022AB3D /* fartsgrense@2x.gif */,
				9B7EB81316CD212600484A74 /* Default.png */,
				9B7EB81516CD212600484A74 /* Default@2x.png */,
				9B7EB81716CD212600484A74 /* Default-568h@2x.png */,
			);
			name = "Supporting Files";
			sourceTree = "<group>";
		};
		9BE4623516CD36F0003E1FAE /* Products */ = {
			isa = PBXGroup;
			children = (
				9BE4623C16CD36F0003E1FAE /* libRestKit.a */,
				9BE4623E16CD36F0003E1FAE /* RestKitTests.octest */,
				9BE4624016CD36F0003E1FAE /* RestKit.framework */,
				9BE4624216CD36F0003E1FAE /* RestKitFrameworkTests.octest */,
			);
			name = Products;
			sourceTree = "<group>";
		};
/* End PBXGroup section */

/* Begin PBXNativeTarget section */
		9B7EB7FD16CD212600484A74 /* Vegdata */ = {
			isa = PBXNativeTarget;
			buildConfigurationList = 9B7EB82116CD212600484A74 /* Build configuration list for PBXNativeTarget "Vegdata" */;
			buildPhases = (
				9B7EB7FA16CD212600484A74 /* Sources */,
				9B7EB7FB16CD212600484A74 /* Frameworks */,
				9B7EB7FC16CD212600484A74 /* Resources */,
			);
			buildRules = (
			);
			dependencies = (
				9BE4624416CD38E7003E1FAE /* PBXTargetDependency */,
			);
			name = Vegdata;
			productName = Vegdata;
			productReference = 9B7EB7FE16CD212600484A74 /* Vegdata.app */;
			productType = "com.apple.product-type.application";
		};
/* End PBXNativeTarget section */

/* Begin PBXProject section */
		9B7EB7F616CD212600484A74 /* Project object */ = {
			isa = PBXProject;
			attributes = {
				LastUpgradeCheck = 0460;
				ORGANIZATIONNAME = gruppe8;
			};
			buildConfigurationList = 9B7EB7F916CD212600484A74 /* Build configuration list for PBXProject "Vegdata" */;
			compatibilityVersion = "Xcode 3.2";
			developmentRegion = English;
			hasScannedForEncodings = 0;
			knownRegions = (
				en,
			);
			mainGroup = 9B7EB7F516CD212600484A74;
			productRefGroup = 9B7EB7FF16CD212600484A74 /* Products */;
			projectDirPath = "";
			projectReferences = (
				{
					ProductGroup = 9BE4623516CD36F0003E1FAE /* Products */;
					ProjectRef = 9BE4623416CD36F0003E1FAE /* RestKit.xcodeproj */;
				},
			);
			projectRoot = "";
			targets = (
				9B7EB7FD16CD212600484A74 /* Vegdata */,
			);
		};
/* End PBXProject section */

/* Begin PBXReferenceProxy section */
		9BE4623C16CD36F0003E1FAE /* libRestKit.a */ = {
			isa = PBXReferenceProxy;
			fileType = archive.ar;
			path = libRestKit.a;
			remoteRef = 9BE4623B16CD36F0003E1FAE /* PBXContainerItemProxy */;
			sourceTree = BUILT_PRODUCTS_DIR;
		};
		9BE4623E16CD36F0003E1FAE /* RestKitTests.octest */ = {
			isa = PBXReferenceProxy;
			fileType = wrapper.cfbundle;
			path = RestKitTests.octest;
			remoteRef = 9BE4623D16CD36F0003E1FAE /* PBXContainerItemProxy */;
			sourceTree = BUILT_PRODUCTS_DIR;
		};
		9BE4624016CD36F0003E1FAE /* RestKit.framework */ = {
			isa = PBXReferenceProxy;
			fileType = wrapper.framework;
			path = RestKit.framework;
			remoteRef = 9BE4623F16CD36F0003E1FAE /* PBXContainerItemProxy */;
			sourceTree = BUILT_PRODUCTS_DIR;
		};
		9BE4624216CD36F0003E1FAE /* RestKitFrameworkTests.octest */ = {
			isa = PBXReferenceProxy;
			fileType = wrapper.cfbundle;
			path = RestKitFrameworkTests.octest;
			remoteRef = 9BE4624116CD36F0003E1FAE /* PBXContainerItemProxy */;
			sourceTree = BUILT_PRODUCTS_DIR;
		};
/* End PBXReferenceProxy section */

/* Begin PBXResourcesBuildPhase section */
		9B7EB7FC16CD212600484A74 /* Resources */ = {
			isa = PBXResourcesBuildPhase;
			buildActionMask = 2147483647;
			files = (
				9B7EB80C16CD212600484A74 /* InfoPlist.strings in Resources */,
				9B7EB81416CD212600484A74 /* Default.png in Resources */,
				9B7EB81616CD212600484A74 /* Default@2x.png in Resources */,
				9B7EB81816CD212600484A74 /* Default-568h@2x.png in Resources */,
				9B7EB81B16CD212600484A74 /* MainStoryboard.storyboard in Resources */,
				9B83CBA516D8EB3E0022AB3D /* fartsgrense_feil.gif in Resources */,
				9B83CBA616D8EB3E0022AB3D /* fartsgrense_feil@2x.gif in Resources */,
				9B83CBA716D8EB3E0022AB3D /* fartsgrense.gif in Resources */,
				9B83CBA816D8EB3E0022AB3D /* fartsgrense@2x.gif in Resources */,
				9B3C64DF16EAA38A009C0E69 /* forkjorsvei.gif in Resources */,
				9B3C64E016EAA38A009C0E69 /* forkjorsvei@2x.gif in Resources */,
				9B3C64E116EAA38A009C0E69 /* opphevet_forkjorsvei.gif in Resources */,
				9B3C64E216EAA38A009C0E69 /* opphevet_forkjorsvei@2x.gif in Resources */,
			);
			runOnlyForDeploymentPostprocessing = 0;
		};
/* End PBXResourcesBuildPhase section */

/* Begin PBXSourcesBuildPhase section */
		9B7EB7FA16CD212600484A74 /* Sources */ = {
			isa = PBXSourcesBuildPhase;
			buildActionMask = 2147483647;
			files = (
				9B7EB80E16CD212600484A74 /* main.m in Sources */,
				9B7EB81216CD212600484A74 /* AppDelegate.m in Sources */,
				9B7EB81E16CD212600484A74 /* HovedskjermViewController.m in Sources */,
				9B820D8516CE6E1D00AD3307 /* Posisjon.m in Sources */,
				9B232AA916D4FD75008FCC43 /* Fartsgrense.m in Sources */,
				9B232AAF16D50935008FCC43 /* NVDB_RESTkit.m in Sources */,
				9B232AB716D50A8C008FCC43 /* Vegreferanse.m in Sources */,
				9B232ABA16D51261008FCC43 /* NVDB_DataProvider.m in Sources */,
				9BDAC38A16D7A10500CF1ACD /* Egenskap.m in Sources */,
				9B1B8E0C16E60D0600014A91 /* Sok.m in Sources */,
				9B52D9FC16E609700019FB65 /* VegObjektKontroller.m in Sources */,
				9B5B6B9416E628EC00BF1C7C /* Veglenke.m in Sources */,
				9B60EAAD16E76EAA00B7E815 /* SokResultater.m in Sources */,
				9B3C64D716EA336C009C0E69 /* Forkjorsveg.m in Sources */,
				9B9C938A16F1F619007EEFBF /* HovedskjermViewControllerPortrett.m in Sources */,
				9B9C939016F1F630007EEFBF /* HovedskjermViewControllerLandskap.m in Sources */,
				9B90E6FA16F75E5C0067850E /* Vegobjekt.m in Sources */,
				9B90E70016F7615C0067850E /* Vilttrekk.m in Sources */,
			);
			runOnlyForDeploymentPostprocessing = 0;
		};
/* End PBXSourcesBuildPhase section */

/* Begin PBXTargetDependency section */
		9BE4624416CD38E7003E1FAE /* PBXTargetDependency */ = {
			isa = PBXTargetDependency;
			name = RestKit;
			targetProxy = 9BE4624316CD38E7003E1FAE /* PBXContainerItemProxy */;
		};
/* End PBXTargetDependency section */

/* Begin PBXVariantGroup section */
		9B7EB80A16CD212600484A74 /* InfoPlist.strings */ = {
			isa = PBXVariantGroup;
			children = (
				9B7EB80B16CD212600484A74 /* en */,
			);
			name = InfoPlist.strings;
			sourceTree = "<group>";
		};
		9B7EB81916CD212600484A74 /* MainStoryboard.storyboard */ = {
			isa = PBXVariantGroup;
			children = (
				9B7EB81A16CD212600484A74 /* en */,
			);
			name = MainStoryboard.storyboard;
			sourceTree = "<group>";
		};
/* End PBXVariantGroup section */

/* Begin XCBuildConfiguration section */
		9B7EB81F16CD212600484A74 /* Debug */ = {
			isa = XCBuildConfiguration;
			buildSettings = {
				ALWAYS_SEARCH_USER_PATHS = NO;
				CLANG_CXX_LANGUAGE_STANDARD = "gnu++0x";
				CLANG_CXX_LIBRARY = "libc++";
				CLANG_ENABLE_OBJC_ARC = YES;
				CLANG_WARN_CONSTANT_CONVERSION = YES;
				CLANG_WARN_EMPTY_BODY = YES;
				CLANG_WARN_ENUM_CONVERSION = YES;
				CLANG_WARN_INT_CONVERSION = YES;
				CLANG_WARN__DUPLICATE_METHOD_MATCH = YES;
				"CODE_SIGN_IDENTITY[sdk=iphoneos*]" = "iPhone Developer";
				COPY_PHASE_STRIP = NO;
				GCC_C_LANGUAGE_STANDARD = gnu99;
				GCC_DYNAMIC_NO_PIC = NO;
				GCC_OPTIMIZATION_LEVEL = 0;
				GCC_PREPROCESSOR_DEFINITIONS = (
					"DEBUG=1",
					"$(inherited)",
				);
				GCC_SYMBOLS_PRIVATE_EXTERN = NO;
				GCC_WARN_ABOUT_RETURN_TYPE = YES;
				GCC_WARN_UNINITIALIZED_AUTOS = YES;
				GCC_WARN_UNUSED_VARIABLE = YES;
				IPHONEOS_DEPLOYMENT_TARGET = 6.1;
				ONLY_ACTIVE_ARCH = YES;
				SDKROOT = iphoneos;
			};
			name = Debug;
		};
		9B7EB82016CD212600484A74 /* Release */ = {
			isa = XCBuildConfiguration;
			buildSettings = {
				ALWAYS_SEARCH_USER_PATHS = NO;
				CLANG_CXX_LANGUAGE_STANDARD = "gnu++0x";
				CLANG_CXX_LIBRARY = "libc++";
				CLANG_ENABLE_OBJC_ARC = YES;
				CLANG_WARN_CONSTANT_CONVERSION = YES;
				CLANG_WARN_EMPTY_BODY = YES;
				CLANG_WARN_ENUM_CONVERSION = YES;
				CLANG_WARN_INT_CONVERSION = YES;
				CLANG_WARN__DUPLICATE_METHOD_MATCH = YES;
				"CODE_SIGN_IDENTITY[sdk=iphoneos*]" = "iPhone Developer";
				COPY_PHASE_STRIP = YES;
				GCC_C_LANGUAGE_STANDARD = gnu99;
				GCC_WARN_ABOUT_RETURN_TYPE = YES;
				GCC_WARN_UNINITIALIZED_AUTOS = YES;
				GCC_WARN_UNUSED_VARIABLE = YES;
				IPHONEOS_DEPLOYMENT_TARGET = 6.1;
				OTHER_CFLAGS = "-DNS_BLOCK_ASSERTIONS=1";
				SDKROOT = iphoneos;
				VALIDATE_PRODUCT = YES;
			};
			name = Release;
		};
		9B7EB82216CD212600484A74 /* Debug */ = {
			isa = XCBuildConfiguration;
			buildSettings = {
				GCC_PRECOMPILE_PREFIX_HEADER = YES;
				GCC_PREFIX_HEADER = "Vegdata/Vegdata-Prefix.pch";
				HEADER_SEARCH_PATHS = "\"$(BUILT_PRODUCTS_DIR)/../../Headers\"";
				INFOPLIST_FILE = "Vegdata/Vegdata-Info.plist";
				OTHER_LDFLAGS = "-ObjC";
				PRODUCT_NAME = "$(TARGET_NAME)";
				WRAPPER_EXTENSION = app;
			};
			name = Debug;
		};
		9B7EB82316CD212600484A74 /* Release */ = {
			isa = XCBuildConfiguration;
			buildSettings = {
				GCC_PRECOMPILE_PREFIX_HEADER = YES;
				GCC_PREFIX_HEADER = "Vegdata/Vegdata-Prefix.pch";
				HEADER_SEARCH_PATHS = "\"$(BUILT_PRODUCTS_DIR)/../../Headers\"";
				INFOPLIST_FILE = "Vegdata/Vegdata-Info.plist";
				OTHER_LDFLAGS = "-ObjC";
				PRODUCT_NAME = "$(TARGET_NAME)";
				WRAPPER_EXTENSION = app;
			};
			name = Release;
		};
/* End XCBuildConfiguration section */

/* Begin XCConfigurationList section */
		9B7EB7F916CD212600484A74 /* Build configuration list for PBXProject "Vegdata" */ = {
			isa = XCConfigurationList;
			buildConfigurations = (
				9B7EB81F16CD212600484A74 /* Debug */,
				9B7EB82016CD212600484A74 /* Release */,
			);
			defaultConfigurationIsVisible = 0;
			defaultConfigurationName = Release;
		};
		9B7EB82116CD212600484A74 /* Build configuration list for PBXNativeTarget "Vegdata" */ = {
			isa = XCConfigurationList;
			buildConfigurations = (
				9B7EB82216CD212600484A74 /* Debug */,
				9B7EB82316CD212600484A74 /* Release */,
			);
			defaultConfigurationIsVisible = 0;
			defaultConfigurationName = Release;
		};
/* End XCConfigurationList section */
	};
	rootObject = 9B7EB7F616CD212600484A74 /* Project object */;
}
